
Microsoft Visual Studio Solution File, Format Version 12.00
# Visual Studio Version 17
VisualStudioVersion = 17.4.33213.308
MinimumVisualStudioVersion = 10.0.40219.1
Project("{8BC9CEB8-8B4A-11D0-8D11-00A0C91BC942}") = "cola_estatica", "cola_estatica\cola_estatica.vcxproj", "{4F471A4E-198F-42E8-A206-816D1728DC7E}"
EndProject
Global
	GlobalSection(SolutionConfigurationPlatforms) = preSolution
		Debug|x64 = Debug|x64
		Debug|x86 = Debug|x86
		Release|x64 = Release|x64
		Release|x86 = Release|x86
	EndGlobalSection
	GlobalSection(ProjectConfigurationPlatforms) = postSolution
		{4F471A4E-198F-42E8-A206-816D1728DC7E}.Debug|x64.ActiveCfg = Debug|x64
		{4F471A4E-198F-42E8-A206-816D1728DC7E}.Debug|x64.Build.0 = Debug|x64
		{4F471A4E-198F-42E8-A206-816D1728DC7E}.Debug|x86.ActiveCfg = Debug|Win32
		{4F471A4E-198F-42E8-A206-816D1728DC7E}.Debug|x86.Build.0 = Debug|Win32
		{4F471A4E-198F-42E8-A206-816D1728DC7E}.Release|x64.ActiveCfg = Release|x64
		{4F471A4E-198F-42E8-A206-816D1728DC7E}.Release|x64.Build.0 = Release|x64
		{4F471A4E-198F-42E8-A206-816D1728DC7E}.Release|x86.ActiveCfg = Release|Win32
		{4F471A4E-198F-42E8-A206-816D1728DC7E}.Release|x86.Build.0 = Release|Win32
	EndGlobalSection
	GlobalSection(SolutionProperties) = preSolution
		HideSolutionNode = FALSE
	EndGlobalSection
	GlobalSection(ExtensibilityGlobals) = postSolution
		SolutionGuid = {1ADA66B3-3BAA-441B-87C6-E5A52676FFED}
	EndGlobalSection
EndGlobal
